
Microsoft Visual Studio Solution File, Format Version 12.00
# Visual Studio Version 16
VisualStudioVersion = 16.0.31624.102
MinimumVisualStudioVersion = 10.0.40219.1
Project("{FAE04EC0-301F-11D3-BF4B-00C04F79EFBC}") = "lab1csh", "lab1csh\lab1csh.csproj", "{F4053334-E01C-46CA-B868-4E581475EC6D}"
EndProject
Global
	GlobalSection(SolutionConfigurationPlatforms) = preSolution
		Debug|Any CPU = Debug|Any CPU
		Release|Any CPU = Release|Any CPU
	EndGlobalSection
	GlobalSection(ProjectConfigurationPlatforms) = postSolution
		{F4053334-E01C-46CA-B868-4E581475EC6D}.Debug|Any CPU.ActiveCfg = Debug|Any CPU
		{F4053334-E01C-46CA-B868-4E581475EC6D}.Debug|Any CPU.Build.0 = Debug|Any CPU
		{F4053334-E01C-46CA-B868-4E581475EC6D}.Release|Any CPU.ActiveCfg = Release|Any CPU
		{F4053334-E01C-46CA-B868-4E581475EC6D}.Release|Any CPU.Build.0 = Release|Any CPU
	EndGlobalSection
	GlobalSection(SolutionProperties) = preSolution
		HideSolutionNode = FALSE
	EndGlobalSection
	GlobalSection(ExtensibilityGlobals) = postSolution
		SolutionGuid = {385AFEFD-EC53-4368-8FDC-107AA08C9748}
	EndGlobalSection
EndGlobal
